
Microsoft Visual Studio Solution File, Format Version 12.00
# Visual Studio Version 17
VisualStudioVersion = 17.14.36221.1
MinimumVisualStudioVersion = 10.0.40219.1
Project("{FAE04EC0-301F-11D3-BF4B-00C04F79EFBC}") = "AssignmentEFCore03", "AssignmentEFCore03\AssignmentEFCore03.csproj", "{379BBE73-2DEC-4C9F-95A7-A52F3C0798B3}"
EndProject
Project("{FAE04EC0-301F-11D3-BF4B-00C04F79EFBC}") = "Demo", "Demo\Demo.csproj", "{9ECF5631-3127-40A5-B3EE-B33F16ABE41B}"
EndProject
Project("{FAE04EC0-301F-11D3-BF4B-00C04F79EFBC}") = "DB First", "DB First\DB First.csproj", "{870470DB-3A39-4DDD-84EC-8367C2F646FF}"
EndProject
Project("{FAE04EC0-301F-11D3-BF4B-00C04F79EFBC}") = "DB First Using EF Core Power Tools", "DB First Using EF Core Power Tools\DB First Using EF Core Power Tools.csproj", "{F18A6FA4-3285-44D8-9101-D14A5945D260}"
EndProject
Global
	GlobalSection(SolutionConfigurationPlatforms) = preSolution
		Debug|Any CPU = Debug|Any CPU
		Release|Any CPU = Release|Any CPU
	EndGlobalSection
	GlobalSection(ProjectConfigurationPlatforms) = postSolution
		{379BBE73-2DEC-4C9F-95A7-A52F3C0798B3}.Debug|Any CPU.ActiveCfg = Debug|Any CPU
		{379BBE73-2DEC-4C9F-95A7-A52F3C0798B3}.Debug|Any CPU.Build.0 = Debug|Any CPU
		{379BBE73-2DEC-4C9F-95A7-A52F3C0798B3}.Release|Any CPU.ActiveCfg = Release|Any CPU
		{379BBE73-2DEC-4C9F-95A7-A52F3C0798B3}.Release|Any CPU.Build.0 = Release|Any CPU
		{9ECF5631-3127-40A5-B3EE-B33F16ABE41B}.Debug|Any CPU.ActiveCfg = Debug|Any CPU
		{9ECF5631-3127-40A5-B3EE-B33F16ABE41B}.Debug|Any CPU.Build.0 = Debug|Any CPU
		{9ECF5631-3127-40A5-B3EE-B33F16ABE41B}.Release|Any CPU.ActiveCfg = Release|Any CPU
		{9ECF5631-3127-40A5-B3EE-B33F16ABE41B}.Release|Any CPU.Build.0 = Release|Any CPU
		{870470DB-3A39-4DDD-84EC-8367C2F646FF}.Debug|Any CPU.ActiveCfg = Debug|Any CPU
		{870470DB-3A39-4DDD-84EC-8367C2F646FF}.Debug|Any CPU.Build.0 = Debug|Any CPU
		{870470DB-3A39-4DDD-84EC-8367C2F646FF}.Release|Any CPU.ActiveCfg = Release|Any CPU
		{870470DB-3A39-4DDD-84EC-8367C2F646FF}.Release|Any CPU.Build.0 = Release|Any CPU
		{F18A6FA4-3285-44D8-9101-D14A5945D260}.Debug|Any CPU.ActiveCfg = Debug|Any CPU
		{F18A6FA4-3285-44D8-9101-D14A5945D260}.Debug|Any CPU.Build.0 = Debug|Any CPU
		{F18A6FA4-3285-44D8-9101-D14A5945D260}.Release|Any CPU.ActiveCfg = Release|Any CPU
		{F18A6FA4-3285-44D8-9101-D14A5945D260}.Release|Any CPU.Build.0 = Release|Any CPU
	EndGlobalSection
	GlobalSection(SolutionProperties) = preSolution
		HideSolutionNode = FALSE
	EndGlobalSection
	GlobalSection(ExtensibilityGlobals) = postSolution
		SolutionGuid = {2BBFCCDF-C2F5-425F-958D-6440F64A5365}
	EndGlobalSection
EndGlobal
